
Microsoft Visual Studio Solution File, Format Version 12.00
# Visual Studio Version 16
VisualStudioVersion = 16.0.30611.23
MinimumVisualStudioVersion = 10.0.40219.1
Project("{FAE04EC0-301F-11D3-BF4B-00C04F79EFBC}") = "ChainRules", "ChainRules\ChainRules.csproj", "{149EC00E-C705-42A3-B673-60D1C35025C8}"
EndProject
Global
	GlobalSection(SolutionConfigurationPlatforms) = preSolution
		Debug|Any CPU = Debug|Any CPU
		Release|Any CPU = Release|Any CPU
	EndGlobalSection
	GlobalSection(ProjectConfigurationPlatforms) = postSolution
		{149EC00E-C705-42A3-B673-60D1C35025C8}.Debug|Any CPU.ActiveCfg = Debug|Any CPU
		{149EC00E-C705-42A3-B673-60D1C35025C8}.Debug|Any CPU.Build.0 = Debug|Any CPU
		{149EC00E-C705-42A3-B673-60D1C35025C8}.Release|Any CPU.ActiveCfg = Release|Any CPU
		{149EC00E-C705-42A3-B673-60D1C35025C8}.Release|Any CPU.Build.0 = Release|Any CPU
	EndGlobalSection
	GlobalSection(SolutionProperties) = preSolution
		HideSolutionNode = FALSE
	EndGlobalSection
	GlobalSection(ExtensibilityGlobals) = postSolution
		SolutionGuid = {65C92F48-6306-4CE7-ADF0-C0E6B23F1689}
	EndGlobalSection
EndGlobal
